{
  "object": {
    "pins": [
      {
        "package": "Kingfisher",
        "repositoryURL": "https://github.com/onevcat/Kingfisher.git",
        "state": {
          "branch": null,
          "revision": "0be276f6a7fd54af4c3eb03f2d12e12d8c8a1a1d",
          "version": "6.0.1"
        }
      },
      {
        "package": "Macduff",
        "repositoryURL": "https://github.com/malt03/Macduff.git",
        "state": {
          "branch": null,
          "revision": "13add73f50c4063067c2728968f7433a3bd422fa",
          "version": "0.0.2"
        }
      },
      {
        "package": "Introspect",
        "repositoryURL": "https://github.com/siteline/SwiftUI-Introspect.git",
        "state": {
          "branch": null,
          "revision": "36ecf80429d00a4cd1e81fbfe4655b1d99ebd651",
          "version": "0.1.2"
        }
      },
      {
        "package": "SwiftUIRefresh",
        "repositoryURL": "https://github.com/timbersoftware/SwiftUIRefresh.git",
        "state": {
          "branch": null,
          "revision": "fa8fac7b5eb5c729983a8bef65f094b5e0d12014",
          "version": "0.0.3"
        }
      }
    ]
  },
  "version": 1
}
